
Microsoft Visual Studio Solution File, Format Version 11.00
# Visual Studio 2010
Project("{FAE04EC0-301F-11D3-BF4B-00C04F79EFBC}") = "Hola mundo", "Hola mundo\Hola mundo.csproj", "{743B1BA0-4CE4-4702-9979-66EAF86842B7}"
EndProject
Project("{FAE04EC0-301F-11D3-BF4B-00C04F79EFBC}") = "Hola mundo.Web", "Hola mundo.Web\Hola mundo.Web.csproj", "{4052AD86-F8FA-4F29-AAC4-8F295CD80D27}"
EndProject
Global
	GlobalSection(SolutionConfigurationPlatforms) = preSolution
		Debug|Any CPU = Debug|Any CPU
		Release|Any CPU = Release|Any CPU
	EndGlobalSection
	GlobalSection(ProjectConfigurationPlatforms) = postSolution
		{743B1BA0-4CE4-4702-9979-66EAF86842B7}.Debug|Any CPU.ActiveCfg = Debug|Any CPU
		{743B1BA0-4CE4-4702-9979-66EAF86842B7}.Debug|Any CPU.Build.0 = Debug|Any CPU
		{743B1BA0-4CE4-4702-9979-66EAF86842B7}.Release|Any CPU.ActiveCfg = Release|Any CPU
		{743B1BA0-4CE4-4702-9979-66EAF86842B7}.Release|Any CPU.Build.0 = Release|Any CPU
		{4052AD86-F8FA-4F29-AAC4-8F295CD80D27}.Debug|Any CPU.ActiveCfg = Debug|Any CPU
		{4052AD86-F8FA-4F29-AAC4-8F295CD80D27}.Debug|Any CPU.Build.0 = Debug|Any CPU
		{4052AD86-F8FA-4F29-AAC4-8F295CD80D27}.Release|Any CPU.ActiveCfg = Release|Any CPU
		{4052AD86-F8FA-4F29-AAC4-8F295CD80D27}.Release|Any CPU.Build.0 = Release|Any CPU
	EndGlobalSection
	GlobalSection(SolutionProperties) = preSolution
		HideSolutionNode = FALSE
	EndGlobalSection
EndGlobal
